
Microsoft Visual Studio Solution File, Format Version 12.00
# Visual Studio Version 17
VisualStudioVersion = 17.14.37710.0 d17.14
MinimumVisualStudioVersion = 10.0.40219.1
Project("{8BC9CEB8-8B4A-11D0-8D11-00A0C91BC942}") = "HW2.25", "HW2.25\HW2.25.vcxproj", "{362D283D-BC9D-4004-A33B-7DE56496345D}"
EndProject
Global
	GlobalSection(SolutionConfigurationPlatforms) = preSolution
		Debug|x64 = Debug|x64
		Debug|x86 = Debug|x86
		Release|x64 = Release|x64
		Release|x86 = Release|x86
	EndGlobalSection
	GlobalSection(ProjectConfigurationPlatforms) = postSolution
		{362D283D-BC9D-4004-A33B-7DE56496345D}.Debug|x64.ActiveCfg = Debug|x64
		{362D283D-BC9D-4004-A33B-7DE56496345D}.Debug|x64.Build.0 = Debug|x64
		{362D283D-BC9D-4004-A33B-7DE56496345D}.Debug|x86.ActiveCfg = Debug|Win32
		{362D283D-BC9D-4004-A33B-7DE56496345D}.Debug|x86.Build.0 = Debug|Win32
		{362D283D-BC9D-4004-A33B-7DE56496345D}.Release|x64.ActiveCfg = Release|x64
		{362D283D-BC9D-4004-A33B-7DE56496345D}.Release|x64.Build.0 = Release|x64
		{362D283D-BC9D-4004-A33B-7DE56496345D}.Release|x86.ActiveCfg = Release|Win32
		{362D283D-BC9D-4004-A33B-7DE56496345D}.Release|x86.Build.0 = Release|Win32
	EndGlobalSection
	GlobalSection(SolutionProperties) = preSolution
		HideSolutionNode = FALSE
	EndGlobalSection
	GlobalSection(ExtensibilityGlobals) = postSolution
		SolutionGuid = {3FC6AE82-29A4-4F73-AA4D-75C2994CC646}
	EndGlobalSection
EndGlobal
